
Microsoft Visual Studio Solution File, Format Version 11.00
# Visual Studio 2010
Project("{FAE04EC0-301F-11D3-BF4B-00C04F79EFBC}") = "CommunityBridge2.LiveConnect", "CommunityBridge2.LiveConnect.csproj", "{3EA3C22C-11FC-4678-B791-F91FA91F6318}"
EndProject
Project("{FAE04EC0-301F-11D3-BF4B-00C04F79EFBC}") = "CommunityBridge2.LiveConnect.Test", "CommunityBridge2.LiveConnect.Test\CommunityBridge2.LiveConnect.Test.csproj", "{93E3536B-2A86-4EDB-A337-BE2C7BB6FF70}"
EndProject
Global
	GlobalSection(SolutionConfigurationPlatforms) = preSolution
		Debug|Any CPU = Debug|Any CPU
		Debug|Mixed Platforms = Debug|Mixed Platforms
		Debug|x86 = Debug|x86
		Release|Any CPU = Release|Any CPU
		Release|Mixed Platforms = Release|Mixed Platforms
		Release|x86 = Release|x86
	EndGlobalSection
	GlobalSection(ProjectConfigurationPlatforms) = postSolution
		{3EA3C22C-11FC-4678-B791-F91FA91F6318}.Debug|Any CPU.ActiveCfg = Debug|Any CPU
		{3EA3C22C-11FC-4678-B791-F91FA91F6318}.Debug|Any CPU.Build.0 = Debug|Any CPU
		{3EA3C22C-11FC-4678-B791-F91FA91F6318}.Debug|Mixed Platforms.ActiveCfg = Debug|Any CPU
		{3EA3C22C-11FC-4678-B791-F91FA91F6318}.Debug|Mixed Platforms.Build.0 = Debug|Any CPU
		{3EA3C22C-11FC-4678-B791-F91FA91F6318}.Debug|x86.ActiveCfg = Debug|Any CPU
		{3EA3C22C-11FC-4678-B791-F91FA91F6318}.Release|Any CPU.ActiveCfg = Release|Any CPU
		{3EA3C22C-11FC-4678-B791-F91FA91F6318}.Release|Any CPU.Build.0 = Release|Any CPU
		{3EA3C22C-11FC-4678-B791-F91FA91F6318}.Release|Mixed Platforms.ActiveCfg = Release|Any CPU
		{3EA3C22C-11FC-4678-B791-F91FA91F6318}.Release|Mixed Platforms.Build.0 = Release|Any CPU
		{3EA3C22C-11FC-4678-B791-F91FA91F6318}.Release|x86.ActiveCfg = Release|Any CPU
		{93E3536B-2A86-4EDB-A337-BE2C7BB6FF70}.Debug|Any CPU.ActiveCfg = Debug|x86
		{93E3536B-2A86-4EDB-A337-BE2C7BB6FF70}.Debug|Mixed Platforms.ActiveCfg = Debug|x86
		{93E3536B-2A86-4EDB-A337-BE2C7BB6FF70}.Debug|Mixed Platforms.Build.0 = Debug|x86
		{93E3536B-2A86-4EDB-A337-BE2C7BB6FF70}.Debug|x86.ActiveCfg = Debug|x86
		{93E3536B-2A86-4EDB-A337-BE2C7BB6FF70}.Debug|x86.Build.0 = Debug|x86
		{93E3536B-2A86-4EDB-A337-BE2C7BB6FF70}.Release|Any CPU.ActiveCfg = Release|x86
		{93E3536B-2A86-4EDB-A337-BE2C7BB6FF70}.Release|Mixed Platforms.ActiveCfg = Release|x86
		{93E3536B-2A86-4EDB-A337-BE2C7BB6FF70}.Release|Mixed Platforms.Build.0 = Release|x86
		{93E3536B-2A86-4EDB-A337-BE2C7BB6FF70}.Release|x86.ActiveCfg = Release|x86
		{93E3536B-2A86-4EDB-A337-BE2C7BB6FF70}.Release|x86.Build.0 = Release|x86
	EndGlobalSection
	GlobalSection(SolutionProperties) = preSolution
		HideSolutionNode = FALSE
	EndGlobalSection
EndGlobal
